
Microsoft Visual Studio Solution File, Format Version 12.00
# Visual Studio Version 16
VisualStudioVersion = 16.0.809.10
MinimumVisualStudioVersion = 10.0.40219.1
Project("{FAE04EC0-301F-11D3-BF4B-00C04F79EFBC}") = "Hatchery", "Hatchery\Hatchery.csproj", "{00705580-7A10-4103-82E9-B8727A3920C0}"
EndProject
Global
	GlobalSection(SolutionConfigurationPlatforms) = preSolution
		Debug|Any CPU = Debug|Any CPU
		Release|Any CPU = Release|Any CPU
	EndGlobalSection
	GlobalSection(ProjectConfigurationPlatforms) = postSolution
		{00705580-7A10-4103-82E9-B8727A3920C0}.Debug|Any CPU.ActiveCfg = Debug|Any CPU
		{00705580-7A10-4103-82E9-B8727A3920C0}.Debug|Any CPU.Build.0 = Debug|Any CPU
		{00705580-7A10-4103-82E9-B8727A3920C0}.Release|Any CPU.ActiveCfg = Release|Any CPU
		{00705580-7A10-4103-82E9-B8727A3920C0}.Release|Any CPU.Build.0 = Release|Any CPU
	EndGlobalSection
	GlobalSection(SolutionProperties) = preSolution
		HideSolutionNode = FALSE
	EndGlobalSection
	GlobalSection(ExtensibilityGlobals) = postSolution
		SolutionGuid = {F5260A8A-B826-4EA1-9C59-8D3831AC7241}
	EndGlobalSection
EndGlobal
